
Microsoft Visual Studio Solution File, Format Version 12.00
# Visual Studio Version 16
VisualStudioVersion = 16.0.30114.105
MinimumVisualStudioVersion = 10.0.40219.1
Project("{FAE04EC0-301F-11D3-BF4B-00C04F79EFBC}") = "R5T.D0116.A0002.Construction", "R5T.D0116.A0002.Construction\R5T.D0116.A0002.Construction.csproj", "{785BF18F-7B87-4165-9E27-BB5D346DD5EF}"
EndProject
Project("{FAE04EC0-301F-11D3-BF4B-00C04F79EFBC}") = "R5T.D0116.A0002", "R5T.D0116.A0002\R5T.D0116.A0002.csproj", "{67F98B04-95F9-4DAF-A7E2-65E81FDBAD4D}"
EndProject
Global
	GlobalSection(SolutionConfigurationPlatforms) = preSolution
		Debug|Any CPU = Debug|Any CPU
		Debug|x64 = Debug|x64
		Debug|x86 = Debug|x86
		Release|Any CPU = Release|Any CPU
		Release|x64 = Release|x64
		Release|x86 = Release|x86
	EndGlobalSection
	GlobalSection(SolutionProperties) = preSolution
		HideSolutionNode = FALSE
	EndGlobalSection
	GlobalSection(ProjectConfigurationPlatforms) = postSolution
		{785BF18F-7B87-4165-9E27-BB5D346DD5EF}.Debug|Any CPU.ActiveCfg = Debug|Any CPU
		{785BF18F-7B87-4165-9E27-BB5D346DD5EF}.Debug|Any CPU.Build.0 = Debug|Any CPU
		{785BF18F-7B87-4165-9E27-BB5D346DD5EF}.Debug|x64.ActiveCfg = Debug|Any CPU
		{785BF18F-7B87-4165-9E27-BB5D346DD5EF}.Debug|x64.Build.0 = Debug|Any CPU
		{785BF18F-7B87-4165-9E27-BB5D346DD5EF}.Debug|x86.ActiveCfg = Debug|Any CPU
		{785BF18F-7B87-4165-9E27-BB5D346DD5EF}.Debug|x86.Build.0 = Debug|Any CPU
		{785BF18F-7B87-4165-9E27-BB5D346DD5EF}.Release|Any CPU.ActiveCfg = Release|Any CPU
		{785BF18F-7B87-4165-9E27-BB5D346DD5EF}.Release|Any CPU.Build.0 = Release|Any CPU
		{785BF18F-7B87-4165-9E27-BB5D346DD5EF}.Release|x64.ActiveCfg = Release|Any CPU
		{785BF18F-7B87-4165-9E27-BB5D346DD5EF}.Release|x64.Build.0 = Release|Any CPU
		{785BF18F-7B87-4165-9E27-BB5D346DD5EF}.Release|x86.ActiveCfg = Release|Any CPU
		{785BF18F-7B87-4165-9E27-BB5D346DD5EF}.Release|x86.Build.0 = Release|Any CPU
		{67F98B04-95F9-4DAF-A7E2-65E81FDBAD4D}.Debug|Any CPU.ActiveCfg = Debug|Any CPU
		{67F98B04-95F9-4DAF-A7E2-65E81FDBAD4D}.Debug|Any CPU.Build.0 = Debug|Any CPU
		{67F98B04-95F9-4DAF-A7E2-65E81FDBAD4D}.Debug|x64.ActiveCfg = Debug|Any CPU
		{67F98B04-95F9-4DAF-A7E2-65E81FDBAD4D}.Debug|x64.Build.0 = Debug|Any CPU
		{67F98B04-95F9-4DAF-A7E2-65E81FDBAD4D}.Debug|x86.ActiveCfg = Debug|Any CPU
		{67F98B04-95F9-4DAF-A7E2-65E81FDBAD4D}.Debug|x86.Build.0 = Debug|Any CPU
		{67F98B04-95F9-4DAF-A7E2-65E81FDBAD4D}.Release|Any CPU.ActiveCfg = Release|Any CPU
		{67F98B04-95F9-4DAF-A7E2-65E81FDBAD4D}.Release|Any CPU.Build.0 = Release|Any CPU
		{67F98B04-95F9-4DAF-A7E2-65E81FDBAD4D}.Release|x64.ActiveCfg = Release|Any CPU
		{67F98B04-95F9-4DAF-A7E2-65E81FDBAD4D}.Release|x64.Build.0 = Release|Any CPU
		{67F98B04-95F9-4DAF-A7E2-65E81FDBAD4D}.Release|x86.ActiveCfg = Release|Any CPU
		{67F98B04-95F9-4DAF-A7E2-65E81FDBAD4D}.Release|x86.Build.0 = Release|Any CPU
	EndGlobalSection
EndGlobal
